
Microsoft Visual Studio Solution File, Format Version 12.00
# Visual Studio Version 17
VisualStudioVersion = 17.4.33122.133
MinimumVisualStudioVersion = 10.0.40219.1
Project("{FAE04EC0-301F-11D3-BF4B-00C04F79EFBC}") = "LocationsApi", "LocationsApi\LocationsApi.csproj", "{58CBE90F-734F-4899-AA32-1F7C4DC01474}"
EndProject
Global
	GlobalSection(SolutionConfigurationPlatforms) = preSolution
		Debug|Any CPU = Debug|Any CPU
		Release|Any CPU = Release|Any CPU
	EndGlobalSection
	GlobalSection(ProjectConfigurationPlatforms) = postSolution
		{58CBE90F-734F-4899-AA32-1F7C4DC01474}.Debug|Any CPU.ActiveCfg = Debug|Any CPU
		{58CBE90F-734F-4899-AA32-1F7C4DC01474}.Debug|Any CPU.Build.0 = Debug|Any CPU
		{58CBE90F-734F-4899-AA32-1F7C4DC01474}.Release|Any CPU.ActiveCfg = Release|Any CPU
		{58CBE90F-734F-4899-AA32-1F7C4DC01474}.Release|Any CPU.Build.0 = Release|Any CPU
	EndGlobalSection
	GlobalSection(SolutionProperties) = preSolution
		HideSolutionNode = FALSE
	EndGlobalSection
	GlobalSection(ExtensibilityGlobals) = postSolution
		SolutionGuid = {6F9A1883-AE33-460D-95CA-34C51955FA7A}
	EndGlobalSection
EndGlobal
